
Microsoft Visual Studio Solution File, Format Version 12.00
# Visual Studio Version 17
VisualStudioVersion = 17.14.37314.3 d17.14
MinimumVisualStudioVersion = 10.0.40219.1
Project("{FAE04EC0-301F-11D3-BF4B-00C04F79EFBC}") = "TP-Tutorias", "TP-Tutorias\TP-Tutorias.csproj", "{5B0C3B6D-537C-4F25-B5E0-E5B32013A749}"
EndProject
Global
	GlobalSection(SolutionConfigurationPlatforms) = preSolution
		Debug|Any CPU = Debug|Any CPU
		Release|Any CPU = Release|Any CPU
	EndGlobalSection
	GlobalSection(ProjectConfigurationPlatforms) = postSolution
		{5B0C3B6D-537C-4F25-B5E0-E5B32013A749}.Debug|Any CPU.ActiveCfg = Debug|Any CPU
		{5B0C3B6D-537C-4F25-B5E0-E5B32013A749}.Debug|Any CPU.Build.0 = Debug|Any CPU
		{5B0C3B6D-537C-4F25-B5E0-E5B32013A749}.Release|Any CPU.ActiveCfg = Release|Any CPU
		{5B0C3B6D-537C-4F25-B5E0-E5B32013A749}.Release|Any CPU.Build.0 = Release|Any CPU
	EndGlobalSection
	GlobalSection(SolutionProperties) = preSolution
		HideSolutionNode = FALSE
	EndGlobalSection
	GlobalSection(ExtensibilityGlobals) = postSolution
		SolutionGuid = {705B37E9-F7D9-491B-9CAE-E99DEADB1F0C}
	EndGlobalSection
EndGlobal
